
Microsoft Visual Studio Solution File, Format Version 12.00
# Visual Studio Version 16
VisualStudioVersion = 16.6.30114.105
MinimumVisualStudioVersion = 10.0.40219.1
Project("{F2A71F9B-5D33-465A-A702-920D77279786}") = "ts2ocaml", "src\ts2ocaml.fsproj", "{F9ECC86F-B4DA-4173-9EF6-32B230083625}"
EndProject
Project("{F2A71F9B-5D33-465A-A702-920D77279786}") = "ts2ml", "lib\ts2ml.fsproj", "{EAC815EE-8CCA-4E25-A82D-F9F2D46D9CC9}"
EndProject
Project("{F2A71F9B-5D33-465A-A702-920D77279786}") = "build", "build.fsproj", "{CF67588E-3D8A-4208-ACAB-F66F7D79E236}"
EndProject
Global
	GlobalSection(SolutionConfigurationPlatforms) = preSolution
		Debug|Any CPU = Debug|Any CPU
		Debug|x64 = Debug|x64
		Debug|x86 = Debug|x86
		Release|Any CPU = Release|Any CPU
		Release|x64 = Release|x64
		Release|x86 = Release|x86
	EndGlobalSection
	GlobalSection(SolutionProperties) = preSolution
		HideSolutionNode = FALSE
	EndGlobalSection
	GlobalSection(ProjectConfigurationPlatforms) = postSolution
		{F9ECC86F-B4DA-4173-9EF6-32B230083625}.Debug|Any CPU.ActiveCfg = Debug|Any CPU
		{F9ECC86F-B4DA-4173-9EF6-32B230083625}.Debug|Any CPU.Build.0 = Debug|Any CPU
		{F9ECC86F-B4DA-4173-9EF6-32B230083625}.Debug|x64.ActiveCfg = Debug|Any CPU
		{F9ECC86F-B4DA-4173-9EF6-32B230083625}.Debug|x64.Build.0 = Debug|Any CPU
		{F9ECC86F-B4DA-4173-9EF6-32B230083625}.Debug|x86.ActiveCfg = Debug|Any CPU
		{F9ECC86F-B4DA-4173-9EF6-32B230083625}.Debug|x86.Build.0 = Debug|Any CPU
		{F9ECC86F-B4DA-4173-9EF6-32B230083625}.Release|Any CPU.ActiveCfg = Release|Any CPU
		{F9ECC86F-B4DA-4173-9EF6-32B230083625}.Release|Any CPU.Build.0 = Release|Any CPU
		{F9ECC86F-B4DA-4173-9EF6-32B230083625}.Release|x64.ActiveCfg = Release|Any CPU
		{F9ECC86F-B4DA-4173-9EF6-32B230083625}.Release|x64.Build.0 = Release|Any CPU
		{F9ECC86F-B4DA-4173-9EF6-32B230083625}.Release|x86.ActiveCfg = Release|Any CPU
		{F9ECC86F-B4DA-4173-9EF6-32B230083625}.Release|x86.Build.0 = Release|Any CPU
		{EAC815EE-8CCA-4E25-A82D-F9F2D46D9CC9}.Debug|Any CPU.ActiveCfg = Debug|Any CPU
		{EAC815EE-8CCA-4E25-A82D-F9F2D46D9CC9}.Debug|Any CPU.Build.0 = Debug|Any CPU
		{EAC815EE-8CCA-4E25-A82D-F9F2D46D9CC9}.Debug|x64.ActiveCfg = Debug|Any CPU
		{EAC815EE-8CCA-4E25-A82D-F9F2D46D9CC9}.Debug|x64.Build.0 = Debug|Any CPU
		{EAC815EE-8CCA-4E25-A82D-F9F2D46D9CC9}.Debug|x86.ActiveCfg = Debug|Any CPU
		{EAC815EE-8CCA-4E25-A82D-F9F2D46D9CC9}.Debug|x86.Build.0 = Debug|Any CPU
		{EAC815EE-8CCA-4E25-A82D-F9F2D46D9CC9}.Release|Any CPU.ActiveCfg = Release|Any CPU
		{EAC815EE-8CCA-4E25-A82D-F9F2D46D9CC9}.Release|Any CPU.Build.0 = Release|Any CPU
		{EAC815EE-8CCA-4E25-A82D-F9F2D46D9CC9}.Release|x64.ActiveCfg = Release|Any CPU
		{EAC815EE-8CCA-4E25-A82D-F9F2D46D9CC9}.Release|x64.Build.0 = Release|Any CPU
		{EAC815EE-8CCA-4E25-A82D-F9F2D46D9CC9}.Release|x86.ActiveCfg = Release|Any CPU
		{EAC815EE-8CCA-4E25-A82D-F9F2D46D9CC9}.Release|x86.Build.0 = Release|Any CPU
		{CF67588E-3D8A-4208-ACAB-F66F7D79E236}.Debug|Any CPU.ActiveCfg = Debug|Any CPU
		{CF67588E-3D8A-4208-ACAB-F66F7D79E236}.Debug|Any CPU.Build.0 = Debug|Any CPU
		{CF67588E-3D8A-4208-ACAB-F66F7D79E236}.Debug|x64.ActiveCfg = Debug|Any CPU
		{CF67588E-3D8A-4208-ACAB-F66F7D79E236}.Debug|x64.Build.0 = Debug|Any CPU
		{CF67588E-3D8A-4208-ACAB-F66F7D79E236}.Debug|x86.ActiveCfg = Debug|Any CPU
		{CF67588E-3D8A-4208-ACAB-F66F7D79E236}.Debug|x86.Build.0 = Debug|Any CPU
		{CF67588E-3D8A-4208-ACAB-F66F7D79E236}.Release|Any CPU.ActiveCfg = Release|Any CPU
		{CF67588E-3D8A-4208-ACAB-F66F7D79E236}.Release|Any CPU.Build.0 = Release|Any CPU
		{CF67588E-3D8A-4208-ACAB-F66F7D79E236}.Release|x64.ActiveCfg = Release|Any CPU
		{CF67588E-3D8A-4208-ACAB-F66F7D79E236}.Release|x64.Build.0 = Release|Any CPU
		{CF67588E-3D8A-4208-ACAB-F66F7D79E236}.Release|x86.ActiveCfg = Release|Any CPU
		{CF67588E-3D8A-4208-ACAB-F66F7D79E236}.Release|x86.Build.0 = Release|Any CPU
	EndGlobalSection
EndGlobal
